
Microsoft Visual Studio Solution File, Format Version 12.00
# Visual Studio Version 16
VisualStudioVersion = 16.0.29806.167
MinimumVisualStudioVersion = 10.0.40219.1
Project("{FAE04EC0-301F-11D3-BF4B-00C04F79EFBC}") = "Emarketproject1", "Emarketproject1.csproj", "{358973AC-3ABD-488F-A642-DC8EB4B74D33}"
EndProject
Global
	GlobalSection(SolutionConfigurationPlatforms) = preSolution
		Debug|Any CPU = Debug|Any CPU
		Release|Any CPU = Release|Any CPU
	EndGlobalSection
	GlobalSection(ProjectConfigurationPlatforms) = postSolution
		{358973AC-3ABD-488F-A642-DC8EB4B74D33}.Debug|Any CPU.ActiveCfg = Debug|Any CPU
		{358973AC-3ABD-488F-A642-DC8EB4B74D33}.Debug|Any CPU.Build.0 = Debug|Any CPU
		{358973AC-3ABD-488F-A642-DC8EB4B74D33}.Release|Any CPU.ActiveCfg = Release|Any CPU
		{358973AC-3ABD-488F-A642-DC8EB4B74D33}.Release|Any CPU.Build.0 = Release|Any CPU
	EndGlobalSection
	GlobalSection(SolutionProperties) = preSolution
		HideSolutionNode = FALSE
	EndGlobalSection
	GlobalSection(ExtensibilityGlobals) = postSolution
		SolutionGuid = {52DAA52A-2C47-4665-877C-570D3B54E694}
	EndGlobalSection
EndGlobal
